// !$*UTF8*$!
{
	archiveVersion = 1;
	classes = {
	};
	objectVersion = 56;
	objects = {

/* Begin PBXBuildFile section */
		D6831F132AE402EF00723F4B /* FormView.swift in Sources */ = {isa = PBXBuildFile; fileRef = D6831F122AE402EF00723F4B /* FormView.swift */; };
		D6831F152AE4083800723F4B /* CustomView.swift in Sources */ = {isa = PBXBuildFile; fileRef = D6831F142AE4083800723F4B /* CustomView.swift */; };
		D6831F172AE40C2900723F4B /* ManageStateView.swift in Sources */ = {isa = PBXBuildFile; fileRef = D6831F162AE40C2900723F4B /* ManageStateView.swift */; };
		D6831F192AE42B6000723F4B /* ObservedObjectView.swift in Sources */ = {isa = PBXBuildFile; fileRef = D6831F182AE42B6000723F4B /* ObservedObjectView.swift */; };
		D6831F1B2AE455C200723F4B /* EnvironmentObjectView.swift in Sources */ = {isa = PBXBuildFile; fileRef = D6831F1A2AE455C200723F4B /* EnvironmentObjectView.swift */; };
		D6831F1D2AE45A1300723F4B /* StateObjectView.swift in Sources */ = {isa = PBXBuildFile; fileRef = D6831F1C2AE45A1300723F4B /* StateObjectView.swift */; };
		D6831F1F2AE4627B00723F4B /* CombineView.swift in Sources */ = {isa = PBXBuildFile; fileRef = D6831F1E2AE4627B00723F4B /* CombineView.swift */; };
		D6FFE2232AE3D60C00A0D8A0 /* SwiftUI_TestApp.swift in Sources */ = {isa = PBXBuildFile; fileRef = D6FFE2222AE3D60C00A0D8A0 /* SwiftUI_TestApp.swift */; };
		D6FFE2252AE3D60C00A0D8A0 /* ContentView.swift in Sources */ = {isa = PBXBuildFile; fileRef = D6FFE2242AE3D60C00A0D8A0 /* ContentView.swift */; };
		D6FFE2272AE3D60D00A0D8A0 /* Assets.xcassets in Resources */ = {isa = PBXBuildFile; fileRef = D6FFE2262AE3D60D00A0D8A0 /* Assets.xcassets */; };
		D6FFE22A2AE3D60D00A0D8A0 /* Preview Assets.xcassets in Resources */ = {isa = PBXBuildFile; fileRef = D6FFE2292AE3D60D00A0D8A0 /* Preview Assets.xcassets */; };
		D6FFE2312AE3FD0200A0D8A0 /* TodoView.swift in Sources */ = {isa = PBXBuildFile; fileRef = D6FFE2302AE3FD0200A0D8A0 /* TodoView.swift */; };
/* End PBXBuildFile section */

/* Begin PBXFileReference section */
		D6831F122AE402EF00723F4B /* FormView.swift */ = {isa = PBXFileReference; lastKnownFileType = sourcecode.swift; path = FormView.swift; sourceTree = "<group>"; };
		D6831F142AE4083800723F4B /* CustomView.swift */ = {isa = PBXFileReference; lastKnownFileType = sourcecode.swift; path = CustomView.swift; sourceTree = "<group>"; };
		D6831F162AE40C2900723F4B /* ManageStateView.swift */ = {isa = PBXFileReference; lastKnownFileType = sourcecode.swift; path = ManageStateView.swift; sourceTree = "<group>"; };
		D6831F182AE42B6000723F4B /* ObservedObjectView.swift */ = {isa = PBXFileReference; lastKnownFileType = sourcecode.swift; path = ObservedObjectView.swift; sourceTree = "<group>"; };
		D6831F1A2AE455C200723F4B /* EnvironmentObjectView.swift */ = {isa = PBXFileReference; lastKnownFileType = sourcecode.swift; path = EnvironmentObjectView.swift; sourceTree = "<group>"; };
		D6831F1C2AE45A1300723F4B /* StateObjectView.swift */ = {isa = PBXFileReference; lastKnownFileType = sourcecode.swift; path = StateObjectView.swift; sourceTree = "<group>"; };
		D6831F1E2AE4627B00723F4B /* CombineView.swift */ = {isa = PBXFileReference; lastKnownFileType = sourcecode.swift; path = CombineView.swift; sourceTree = "<group>"; };
		D6FFE21F2AE3D60C00A0D8A0 /* SwiftUI Test.app */ = {isa = PBXFileReference; explicitFileType = wrapper.application; includeInIndex = 0; path = "SwiftUI Test.app"; sourceTree = BUILT_PRODUCTS_DIR; };
		D6FFE2222AE3D60C00A0D8A0 /* SwiftUI_TestApp.swift */ = {isa = PBXFileReference; lastKnownFileType = sourcecode.swift; path = SwiftUI_TestApp.swift; sourceTree = "<group>"; };
		D6FFE2242AE3D60C00A0D8A0 /* ContentView.swift */ = {isa = PBXFileReference; lastKnownFileType = sourcecode.swift; path = ContentView.swift; sourceTree = "<group>"; };
		D6FFE2262AE3D60D00A0D8A0 /* Assets.xcassets */ = {isa = PBXFileReference; lastKnownFileType = folder.assetcatalog; path = Assets.xcassets; sourceTree = "<group>"; };
		D6FFE2292AE3D60D00A0D8A0 /* Preview Assets.xcassets */ = {isa = PBXFileReference; lastKnownFileType = folder.assetcatalog; path = "Preview Assets.xcassets"; sourceTree = "<group>"; };
		D6FFE2302AE3FD0200A0D8A0 /* TodoView.swift */ = {isa = PBXFileReference; lastKnownFileType = sourcecode.swift; path = TodoView.swift; sourceTree = "<group>"; };
/* End PBXFileReference section */

/* Begin PBXFrameworksBuildPhase section */
		D6FFE21C2AE3D60C00A0D8A0 /* Frameworks */ = {
			isa = PBXFrameworksBuildPhase;
			buildActionMask = 2147483647;
			files = (
			);
			runOnlyForDeploymentPostprocessing = 0;
		};
/* End PBXFrameworksBuildPhase section */

/* Begin PBXGroup section */
		D6FFE2162AE3D60C00A0D8A0 = {
			isa = PBXGroup;
			children = (
				D6FFE2212AE3D60C00A0D8A0 /* SwiftUI Test */,
				D6FFE2202AE3D60C00A0D8A0 /* Products */,
			);
			sourceTree = "<group>";
		};
		D6FFE2202AE3D60C00A0D8A0 /* Products */ = {
			isa = PBXGroup;
			children = (
				D6FFE21F2AE3D60C00A0D8A0 /* SwiftUI Test.app */,
			);
			name = Products;
			sourceTree = "<group>";
		};
		D6FFE2212AE3D60C00A0D8A0 /* SwiftUI Test */ = {
			isa = PBXGroup;
			children = (
				D6FFE2222AE3D60C00A0D8A0 /* SwiftUI_TestApp.swift */,
				D6FFE2242AE3D60C00A0D8A0 /* ContentView.swift */,
				D6FFE2262AE3D60D00A0D8A0 /* Assets.xcassets */,
				D6FFE2282AE3D60D00A0D8A0 /* Preview Content */,
				D6FFE2302AE3FD0200A0D8A0 /* TodoView.swift */,
				D6831F122AE402EF00723F4B /* FormView.swift */,
				D6831F142AE4083800723F4B /* CustomView.swift */,
				D6831F162AE40C2900723F4B /* ManageStateView.swift */,
				D6831F182AE42B6000723F4B /* ObservedObjectView.swift */,
				D6831F1A2AE455C200723F4B /* EnvironmentObjectView.swift */,
				D6831F1C2AE45A1300723F4B /* StateObjectView.swift */,
				D6831F1E2AE4627B00723F4B /* CombineView.swift */,
			);
			path = "SwiftUI Test";
			sourceTree = "<group>";
		};
		D6FFE2282AE3D60D00A0D8A0 /* Preview Content */ = {
			isa = PBXGroup;
			children = (
				D6FFE2292AE3D60D00A0D8A0 /* Preview Assets.xcassets */,
			);
			path = "Preview Content";
			sourceTree = "<group>";
		};
/* End PBXGroup section */

/* Begin PBXNativeTarget section */
		D6FFE21E2AE3D60C00A0D8A0 /* SwiftUI Test */ = {
			isa = PBXNativeTarget;
			buildConfigurationList = D6FFE22D2AE3D60D00A0D8A0 /* Build configuration list for PBXNativeTarget "SwiftUI Test" */;
			buildPhases = (
				D6FFE21B2AE3D60C00A0D8A0 /* Sources */,
				D6FFE21C2AE3D60C00A0D8A0 /* Frameworks */,
				D6FFE21D2AE3D60C00A0D8A0 /* Resources */,
			);
			buildRules = (
			);
			dependencies = (
			);
			name = "SwiftUI Test";
			productName = "SwiftUI Test";
			productReference = D6FFE21F2AE3D60C00A0D8A0 /* SwiftUI Test.app */;
			productType = "com.apple.product-type.application";
		};
/* End PBXNativeTarget section */

/* Begin PBXProject section */
		D6FFE2172AE3D60C00A0D8A0 /* Project object */ = {
			isa = PBXProject;
			attributes = {
				BuildIndependentTargetsInParallel = 1;
				LastSwiftUpdateCheck = 1500;
				LastUpgradeCheck = 1500;
				TargetAttributes = {
					D6FFE21E2AE3D60C00A0D8A0 = {
						CreatedOnToolsVersion = 15.0.1;
					};
				};
			};
			buildConfigurationList = D6FFE21A2AE3D60C00A0D8A0 /* Build configuration list for PBXProject "SwiftUI Test" */;
			compatibilityVersion = "Xcode 14.0";
			developmentRegion = en;
			hasScannedForEncodings = 0;
			knownRegions = (
				en,
				Base,
			);
			mainGroup = D6FFE2162AE3D60C00A0D8A0;
			productRefGroup = D6FFE2202AE3D60C00A0D8A0 /* Products */;
			projectDirPath = "";
			projectRoot = "";
			targets = (
				D6FFE21E2AE3D60C00A0D8A0 /* SwiftUI Test */,
			);
		};
/* End PBXProject section */

/* Begin PBXResourcesBuildPhase section */
		D6FFE21D2AE3D60C00A0D8A0 /* Resources */ = {
			isa = PBXResourcesBuildPhase;
			buildActionMask = 2147483647;
			files = (
				D6FFE22A2AE3D60D00A0D8A0 /* Preview Assets.xcassets in Resources */,
				D6FFE2272AE3D60D00A0D8A0 /* Assets.xcassets in Resources */,
			);
			runOnlyForDeploymentPostprocessing = 0;
		};
/* End PBXResourcesBuildPhase section */

/* Begin PBXSourcesBuildPhase section */
		D6FFE21B2AE3D60C00A0D8A0 /* Sources */ = {
			isa = PBXSourcesBuildPhase;
			buildActionMask = 2147483647;
			files = (
				D6831F152AE4083800723F4B /* CustomView.swift in Sources */,
				D6FFE2312AE3FD0200A0D8A0 /* TodoView.swift in Sources */,
				D6831F1D2AE45A1300723F4B /* StateObjectView.swift in Sources */,
				D6831F192AE42B6000723F4B /* ObservedObjectView.swift in Sources */,
				D6831F1F2AE4627B00723F4B /* CombineView.swift in Sources */,
				D6FFE2252AE3D60C00A0D8A0 /* ContentView.swift in Sources */,
				D6831F172AE40C2900723F4B /* ManageStateView.swift in Sources */,
				D6831F1B2AE455C200723F4B /* EnvironmentObjectView.swift in Sources */,
				D6831F132AE402EF00723F4B /* FormView.swift in Sources */,
				D6FFE2232AE3D60C00A0D8A0 /* SwiftUI_TestApp.swift in Sources */,
			);
			runOnlyForDeploymentPostprocessing = 0;
		};
/* End PBXSourcesBuildPhase section */

/* Begin XCBuildConfiguration section */
		D6FFE22B2AE3D60D00A0D8A0 /* Debug */ = {
			isa = XCBuildConfiguration;
			buildSettings = {
				ALWAYS_SEARCH_USER_PATHS = NO;
				ASSETCATALOG_COMPILER_GENERATE_SWIFT_ASSET_SYMBOL_EXTENSIONS = YES;
				CLANG_ANALYZER_NONNULL = YES;
				CLANG_ANALYZER_NUMBER_OBJECT_CONVERSION = YES_AGGRESSIVE;
				CLANG_CXX_LANGUAGE_STANDARD = "gnu++20";
				CLANG_ENABLE_MODULES = YES;
				CLANG_ENABLE_OBJC_ARC = YES;
				CLANG_ENABLE_OBJC_WEAK = YES;
				CLANG_WARN_BLOCK_CAPTURE_AUTORELEASING = YES;
				CLANG_WARN_BOOL_CONVERSION = YES;
				CLANG_WARN_COMMA = YES;
				CLANG_WARN_CONSTANT_CONVERSION = YES;
				CLANG_WARN_DEPRECATED_OBJC_IMPLEMENTATIONS = YES;
				CLANG_WARN_DIRECT_OBJC_ISA_USAGE = YES_ERROR;
				CLANG_WARN_DOCUMENTATION_COMMENTS = YES;
				CLANG_WARN_EMPTY_BODY = YES;
				CLANG_WARN_ENUM_CONVERSION = YES;
				CLANG_WARN_INFINITE_RECURSION = YES;
				CLANG_WARN_INT_CONVERSION = YES;
				CLANG_WARN_NON_LITERAL_NULL_CONVERSION = YES;
				CLANG_WARN_OBJC_IMPLICIT_RETAIN_SELF = YES;
				CLANG_WARN_OBJC_LITERAL_CONVERSION = YES;
				CLANG_WARN_OBJC_ROOT_CLASS = YES_ERROR;
				CLANG_WARN_QUOTED_INCLUDE_IN_FRAMEWORK_HEADER = YES;
				CLANG_WARN_RANGE_LOOP_ANALYSIS = YES;
				CLANG_WARN_STRICT_PROTOTYPES = YES;
				CLANG_WARN_SUSPICIOUS_MOVE = YES;
				CLANG_WARN_UNGUARDED_AVAILABILITY = YES_AGGRESSIVE;
				CLANG_WARN_UNREACHABLE_CODE = YES;
				CLANG_WARN__DUPLICATE_METHOD_MATCH = YES;
				COPY_PHASE_STRIP = NO;
				DEBUG_INFORMATION_FORMAT = dwarf;
				ENABLE_STRICT_OBJC_MSGSEND = YES;
				ENABLE_TESTABILITY = YES;
				ENABLE_USER_SCRIPT_SANDBOXING = YES;
				GCC_C_LANGUAGE_STANDARD = gnu17;
				GCC_DYNAMIC_NO_PIC = NO;
				GCC_NO_COMMON_BLOCKS = YES;
				GCC_OPTIMIZATION_LEVEL = 0;
				GCC_PREPROCESSOR_DEFINITIONS = (
					"DEBUG=1",
					"$(inherited)",
				);
				GCC_WARN_64_TO_32_BIT_CONVERSION = YES;
				GCC_WARN_ABOUT_RETURN_TYPE = YES_ERROR;
				GCC_WARN_UNDECLARED_SELECTOR = YES;
				GCC_WARN_UNINITIALIZED_AUTOS = YES_AGGRESSIVE;
				GCC_WARN_UNUSED_FUNCTION = YES;
				GCC_WARN_UNUSED_VARIABLE = YES;
				IPHONEOS_DEPLOYMENT_TARGET = 17.0;
				LOCALIZATION_PREFERS_STRING_CATALOGS = YES;
				MTL_ENABLE_DEBUG_INFO = INCLUDE_SOURCE;
				MTL_FAST_MATH = YES;
				ONLY_ACTIVE_ARCH = YES;
				SDKROOT = iphoneos;
				SWIFT_ACTIVE_COMPILATION_CONDITIONS = "DEBUG $(inherited)";
				SWIFT_OPTIMIZATION_LEVEL = "-Onone";
			};
			name = Debug;
		};
		D6FFE22C2AE3D60D00A0D8A0 /* Release */ = {
			isa = XCBuildConfiguration;
			buildSettings = {
				ALWAYS_SEARCH_USER_PATHS = NO;
				ASSETCATALOG_COMPILER_GENERATE_SWIFT_ASSET_SYMBOL_EXTENSIONS = YES;
				CLANG_ANALYZER_NONNULL = YES;
				CLANG_ANALYZER_NUMBER_OBJECT_CONVERSION = YES_AGGRESSIVE;
				CLANG_CXX_LANGUAGE_STANDARD = "gnu++20";
				CLANG_ENABLE_MODULES = YES;
				CLANG_ENABLE_OBJC_ARC = YES;
				CLANG_ENABLE_OBJC_WEAK = YES;
				CLANG_WARN_BLOCK_CAPTURE_AUTORELEASING = YES;
				CLANG_WARN_BOOL_CONVERSION = YES;
				CLANG_WARN_COMMA = YES;
				CLANG_WARN_CONSTANT_CONVERSION = YES;
				CLANG_WARN_DEPRECATED_OBJC_IMPLEMENTATIONS = YES;
				CLANG_WARN_DIRECT_OBJC_ISA_USAGE = YES_ERROR;
				CLANG_WARN_DOCUMENTATION_COMMENTS = YES;
				CLANG_WARN_EMPTY_BODY = YES;
				CLANG_WARN_ENUM_CONVERSION = YES;
				CLANG_WARN_INFINITE_RECURSION = YES;
				CLANG_WARN_INT_CONVERSION = YES;
				CLANG_WARN_NON_LITERAL_NULL_CONVERSION = YES;
				CLANG_WARN_OBJC_IMPLICIT_RETAIN_SELF = YES;
				CLANG_WARN_OBJC_LITERAL_CONVERSION = YES;
				CLANG_WARN_OBJC_ROOT_CLASS = YES_ERROR;
				CLANG_WARN_QUOTED_INCLUDE_IN_FRAMEWORK_HEADER = YES;
				CLANG_WARN_RANGE_LOOP_ANALYSIS = YES;
				CLANG_WARN_STRICT_PROTOTYPES = YES;
				CLANG_WARN_SUSPICIOUS_MOVE = YES;
				CLANG_WARN_UNGUARDED_AVAILABILITY = YES_AGGRESSIVE;
				CLANG_WARN_UNREACHABLE_CODE = YES;
				CLANG_WARN__DUPLICATE_METHOD_MATCH = YES;
				COPY_PHASE_STRIP = NO;
				DEBUG_INFORMATION_FORMAT = "dwarf-with-dsym";
				ENABLE_NS_ASSERTIONS = NO;
				ENABLE_STRICT_OBJC_MSGSEND = YES;
				ENABLE_USER_SCRIPT_SANDBOXING = YES;
				GCC_C_LANGUAGE_STANDARD = gnu17;
				GCC_NO_COMMON_BLOCKS = YES;
				GCC_WARN_64_TO_32_BIT_CONVERSION = YES;
				GCC_WARN_ABOUT_RETURN_TYPE = YES_ERROR;
				GCC_WARN_UNDECLARED_SELECTOR = YES;
				GCC_WARN_UNINITIALIZED_AUTOS = YES_AGGRESSIVE;
				GCC_WARN_UNUSED_FUNCTION = YES;
				GCC_WARN_UNUSED_VARIABLE = YES;
				IPHONEOS_DEPLOYMENT_TARGET = 17.0;
				LOCALIZATION_PREFERS_STRING_CATALOGS = YES;
				MTL_ENABLE_DEBUG_INFO = NO;
				MTL_FAST_MATH = YES;
				SDKROOT = iphoneos;
				SWIFT_COMPILATION_MODE = wholemodule;
				VALIDATE_PRODUCT = YES;
			};
			name = Release;
		};
		D6FFE22E2AE3D60D00A0D8A0 /* Debug */ = {
			isa = XCBuildConfiguration;
			buildSettings = {
				ASSETCATALOG_COMPILER_APPICON_NAME = AppIcon;
				ASSETCATALOG_COMPILER_GLOBAL_ACCENT_COLOR_NAME = AccentColor;
				CODE_SIGN_STYLE = Automatic;
				CURRENT_PROJECT_VERSION = 1;
				DEVELOPMENT_ASSET_PATHS = "\"SwiftUI Test/Preview Content\"";
				DEVELOPMENT_TEAM = 8N2T75UPQQ;
				ENABLE_PREVIEWS = YES;
				GENERATE_INFOPLIST_FILE = YES;
				INFOPLIST_KEY_UIApplicationSceneManifest_Generation = YES;
				INFOPLIST_KEY_UIApplicationSupportsIndirectInputEvents = YES;
				INFOPLIST_KEY_UILaunchScreen_Generation = YES;
				INFOPLIST_KEY_UISupportedInterfaceOrientations_iPad = "UIInterfaceOrientationPortrait UIInterfaceOrientationPortraitUpsideDown UIInterfaceOrientationLandscapeLeft UIInterfaceOrientationLandscapeRight";
				INFOPLIST_KEY_UISupportedInterfaceOrientations_iPhone = "UIInterfaceOrientationPortrait UIInterfaceOrientationLandscapeLeft UIInterfaceOrientationLandscapeRight";
				LD_RUNPATH_SEARCH_PATHS = (
					"$(inherited)",
					"@executable_path/Frameworks",
				);
				MARKETING_VERSION = 1.0;
				PRODUCT_BUNDLE_IDENTIFIER = "com.ramjondhale.SwiftUI-Test";
				PRODUCT_NAME = "$(TARGET_NAME)";
				SWIFT_EMIT_LOC_STRINGS = YES;
				SWIFT_VERSION = 5.0;
				TARGETED_DEVICE_FAMILY = "1,2";
			};
			name = Debug;
		};
		D6FFE22F2AE3D60D00A0D8A0 /* Release */ = {
			isa = XCBuildConfiguration;
			buildSettings = {
				ASSETCATALOG_COMPILER_APPICON_NAME = AppIcon;
				ASSETCATALOG_COMPILER_GLOBAL_ACCENT_COLOR_NAME = AccentColor;
				CODE_SIGN_STYLE = Automatic;
				CURRENT_PROJECT_VERSION = 1;
				DEVELOPMENT_ASSET_PATHS = "\"SwiftUI Test/Preview Content\"";
				DEVELOPMENT_TEAM = 8N2T75UPQQ;
				ENABLE_PREVIEWS = YES;
				GENERATE_INFOPLIST_FILE = YES;
				INFOPLIST_KEY_UIApplicationSceneManifest_Generation = YES;
				INFOPLIST_KEY_UIApplicationSupportsIndirectInputEvents = YES;
				INFOPLIST_KEY_UILaunchScreen_Generation = YES;
				INFOPLIST_KEY_UISupportedInterfaceOrientations_iPad = "UIInterfaceOrientationPortrait UIInterfaceOrientationPortraitUpsideDown UIInterfaceOrientationLandscapeLeft UIInterfaceOrientationLandscapeRight";
				INFOPLIST_KEY_UISupportedInterfaceOrientations_iPhone = "UIInterfaceOrientationPortrait UIInterfaceOrientationLandscapeLeft UIInterfaceOrientationLandscapeRight";
				LD_RUNPATH_SEARCH_PATHS = (
					"$(inherited)",
					"@executable_path/Frameworks",
				);
				MARKETING_VERSION = 1.0;
				PRODUCT_BUNDLE_IDENTIFIER = "com.ramjondhale.SwiftUI-Test";
				PRODUCT_NAME = "$(TARGET_NAME)";
				SWIFT_EMIT_LOC_STRINGS = YES;
				SWIFT_VERSION = 5.0;
				TARGETED_DEVICE_FAMILY = "1,2";
			};
			name = Release;
		};
/* End XCBuildConfiguration section */

/* Begin XCConfigurationList section */
		D6FFE21A2AE3D60C00A0D8A0 /* Build configuration list for PBXProject "SwiftUI Test" */ = {
			isa = XCConfigurationList;
			buildConfigurations = (
				D6FFE22B2AE3D60D00A0D8A0 /* Debug */,
				D6FFE22C2AE3D60D00A0D8A0 /* Release */,
			);
			defaultConfigurationIsVisible = 0;
			defaultConfigurationName = Release;
		};
		D6FFE22D2AE3D60D00A0D8A0 /* Build configuration list for PBXNativeTarget "SwiftUI Test" */ = {
			isa = XCConfigurationList;
			buildConfigurations = (
				D6FFE22E2AE3D60D00A0D8A0 /* Debug */,
				D6FFE22F2AE3D60D00A0D8A0 /* Release */,
			);
			defaultConfigurationIsVisible = 0;
			defaultConfigurationName = Release;
		};
/* End XCConfigurationList section */
	};
	rootObject = D6FFE2172AE3D60C00A0D8A0 /* Project object */;
}
